
Microsoft Visual Studio Solution File, Format Version 12.00
# Visual Studio Version 17
VisualStudioVersion = 17.8.34511.84
MinimumVisualStudioVersion = 10.0.40219.1
Project("{9A19103F-16F7-4668-BE54-9A1E7A4F7556}") = "ConsoleApp1", "ConsoleApp1\ConsoleApp1.csproj", "{72DBAD1B-038F-436C-B77D-84ED60A73E6F}"
EndProject
Project("{9A19103F-16F7-4668-BE54-9A1E7A4F7556}") = "LabsAndRef", "LabsAndRef\LabsAndRef.csproj", "{C8E840AC-FB46-4E30-9BFC-F6D9139BC94C}"
EndProject
Project("{9A19103F-16F7-4668-BE54-9A1E7A4F7556}") = "WpfCalculator", "WpfCalculator\WpfCalculator.csproj", "{71BCD021-B6AD-49B1-A281-CC63FA5F41C1}"
EndProject
Project("{9A19103F-16F7-4668-BE54-9A1E7A4F7556}") = "DelegatesDemo", "DelegatesDemo\DelegatesDemo.csproj", "{B03009A2-1243-44AB-AD54-D9655CF679D7}"
EndProject
Project("{9A19103F-16F7-4668-BE54-9A1E7A4F7556}") = "DelegatesDemo2", "DelegatesDemo2\DelegatesDemo2.csproj", "{29333DEA-736B-4EB0-A61F-CBA4D5BAF105}"
EndProject
Project("{FAE04EC0-301F-11D3-BF4B-00C04F79EFBC}") = "WpfLayoutsDemo", "WpfLayoutsDemo\WpfLayoutsDemo.csproj", "{4396A8D4-1A1C-43B5-9C78-3F449A8CA5FC}"
EndProject
Project("{FAE04EC0-301F-11D3-BF4B-00C04F79EFBC}") = "NotepadPlus", "NotepadPlus\NotepadPlus.csproj", "{93EF6164-12FB-4A46-9B82-32BA79088662}"
EndProject
Project("{FAE04EC0-301F-11D3-BF4B-00C04F79EFBC}") = "ResourcessWpfApp", "ResourcessWpfApp\ResourcessWpfApp.csproj", "{BFC331AF-FD7E-4260-8739-14D77E943349}"
EndProject
Project("{2150E333-8FDC-42A3-9474-1A3956D46DE8}") = "Contact Management Application", "Contact Management Application", "{AC54C6B1-B679-4550-BCEC-6573AEF6D01A}"
EndProject
Project("{2150E333-8FDC-42A3-9474-1A3956D46DE8}") = "Presentation Layer", "Presentation Layer", "{A682B27B-41FE-4DC3-8999-C133785B3E41}"
EndProject
Project("{2150E333-8FDC-42A3-9474-1A3956D46DE8}") = "Data Access Layer", "Data Access Layer", "{FA9A6F22-3EC8-4D16-9026-922F72E1AA6B}"
EndProject
Project("{9A19103F-16F7-4668-BE54-9A1E7A4F7556}") = "ContactManagement.DataAccess", "ContactManagement.DataAccess\ContactManagement.DataAccess.csproj", "{0995D9A1-D702-4A91-86A2-018899C50756}"
EndProject
Project("{9A19103F-16F7-4668-BE54-9A1E7A4F7556}") = "ContactManagement.ConsoleApp", "ContactManagement.ConsoleApp\ContactManagement.ConsoleApp.csproj", "{C70DAE4B-1339-4A8F-91C5-AD9F4ED71FE6}"
EndProject
Project("{FAE04EC0-301F-11D3-BF4B-00C04F79EFBC}") = "WPFDataBindingDemo1", "WPFDataBindingDemo1\WPFDataBindingDemo1.csproj", "{86735AD9-6757-4450-9196-7A1A632B7F5F}"
EndProject
Global
	GlobalSection(SolutionConfigurationPlatforms) = preSolution
		Debug|Any CPU = Debug|Any CPU
		Release|Any CPU = Release|Any CPU
	EndGlobalSection
	GlobalSection(ProjectConfigurationPlatforms) = postSolution
		{72DBAD1B-038F-436C-B77D-84ED60A73E6F}.Debug|Any CPU.ActiveCfg = Debug|Any CPU
		{72DBAD1B-038F-436C-B77D-84ED60A73E6F}.Debug|Any CPU.Build.0 = Debug|Any CPU
		{72DBAD1B-038F-436C-B77D-84ED60A73E6F}.Release|Any CPU.ActiveCfg = Release|Any CPU
		{72DBAD1B-038F-436C-B77D-84ED60A73E6F}.Release|Any CPU.Build.0 = Release|Any CPU
		{C8E840AC-FB46-4E30-9BFC-F6D9139BC94C}.Debug|Any CPU.ActiveCfg = Debug|Any CPU
		{C8E840AC-FB46-4E30-9BFC-F6D9139BC94C}.Debug|Any CPU.Build.0 = Debug|Any CPU
		{C8E840AC-FB46-4E30-9BFC-F6D9139BC94C}.Release|Any CPU.ActiveCfg = Release|Any CPU
		{C8E840AC-FB46-4E30-9BFC-F6D9139BC94C}.Release|Any CPU.Build.0 = Release|Any CPU
		{71BCD021-B6AD-49B1-A281-CC63FA5F41C1}.Debug|Any CPU.ActiveCfg = Debug|Any CPU
		{71BCD021-B6AD-49B1-A281-CC63FA5F41C1}.Debug|Any CPU.Build.0 = Debug|Any CPU
		{71BCD021-B6AD-49B1-A281-CC63FA5F41C1}.Release|Any CPU.ActiveCfg = Release|Any CPU
		{71BCD021-B6AD-49B1-A281-CC63FA5F41C1}.Release|Any CPU.Build.0 = Release|Any CPU
		{B03009A2-1243-44AB-AD54-D9655CF679D7}.Debug|Any CPU.ActiveCfg = Debug|Any CPU
		{B03009A2-1243-44AB-AD54-D9655CF679D7}.Debug|Any CPU.Build.0 = Debug|Any CPU
		{B03009A2-1243-44AB-AD54-D9655CF679D7}.Release|Any CPU.ActiveCfg = Release|Any CPU
		{B03009A2-1243-44AB-AD54-D9655CF679D7}.Release|Any CPU.Build.0 = Release|Any CPU
		{29333DEA-736B-4EB0-A61F-CBA4D5BAF105}.Debug|Any CPU.ActiveCfg = Debug|Any CPU
		{29333DEA-736B-4EB0-A61F-CBA4D5BAF105}.Debug|Any CPU.Build.0 = Debug|Any CPU
		{29333DEA-736B-4EB0-A61F-CBA4D5BAF105}.Release|Any CPU.ActiveCfg = Release|Any CPU
		{29333DEA-736B-4EB0-A61F-CBA4D5BAF105}.Release|Any CPU.Build.0 = Release|Any CPU
		{4396A8D4-1A1C-43B5-9C78-3F449A8CA5FC}.Debug|Any CPU.ActiveCfg = Debug|Any CPU
		{4396A8D4-1A1C-43B5-9C78-3F449A8CA5FC}.Debug|Any CPU.Build.0 = Debug|Any CPU
		{4396A8D4-1A1C-43B5-9C78-3F449A8CA5FC}.Release|Any CPU.ActiveCfg = Release|Any CPU
		{4396A8D4-1A1C-43B5-9C78-3F449A8CA5FC}.Release|Any CPU.Build.0 = Release|Any CPU
		{93EF6164-12FB-4A46-9B82-32BA79088662}.Debug|Any CPU.ActiveCfg = Debug|Any CPU
		{93EF6164-12FB-4A46-9B82-32BA79088662}.Debug|Any CPU.Build.0 = Debug|Any CPU
		{93EF6164-12FB-4A46-9B82-32BA79088662}.Release|Any CPU.ActiveCfg = Release|Any CPU
		{93EF6164-12FB-4A46-9B82-32BA79088662}.Release|Any CPU.Build.0 = Release|Any CPU
		{BFC331AF-FD7E-4260-8739-14D77E943349}.Debug|Any CPU.ActiveCfg = Debug|Any CPU
		{BFC331AF-FD7E-4260-8739-14D77E943349}.Debug|Any CPU.Build.0 = Debug|Any CPU
		{BFC331AF-FD7E-4260-8739-14D77E943349}.Release|Any CPU.ActiveCfg = Release|Any CPU
		{BFC331AF-FD7E-4260-8739-14D77E943349}.Release|Any CPU.Build.0 = Release|Any CPU
		{0995D9A1-D702-4A91-86A2-018899C50756}.Debug|Any CPU.ActiveCfg = Debug|Any CPU
		{0995D9A1-D702-4A91-86A2-018899C50756}.Debug|Any CPU.Build.0 = Debug|Any CPU
		{0995D9A1-D702-4A91-86A2-018899C50756}.Release|Any CPU.ActiveCfg = Release|Any CPU
		{0995D9A1-D702-4A91-86A2-018899C50756}.Release|Any CPU.Build.0 = Release|Any CPU
		{C70DAE4B-1339-4A8F-91C5-AD9F4ED71FE6}.Debug|Any CPU.ActiveCfg = Debug|Any CPU
		{C70DAE4B-1339-4A8F-91C5-AD9F4ED71FE6}.Debug|Any CPU.Build.0 = Debug|Any CPU
		{C70DAE4B-1339-4A8F-91C5-AD9F4ED71FE6}.Release|Any CPU.ActiveCfg = Release|Any CPU
		{C70DAE4B-1339-4A8F-91C5-AD9F4ED71FE6}.Release|Any CPU.Build.0 = Release|Any CPU
		{86735AD9-6757-4450-9196-7A1A632B7F5F}.Debug|Any CPU.ActiveCfg = Debug|Any CPU
		{86735AD9-6757-4450-9196-7A1A632B7F5F}.Debug|Any CPU.Build.0 = Debug|Any CPU
		{86735AD9-6757-4450-9196-7A1A632B7F5F}.Release|Any CPU.ActiveCfg = Release|Any CPU
		{86735AD9-6757-4450-9196-7A1A632B7F5F}.Release|Any CPU.Build.0 = Release|Any CPU
	EndGlobalSection
	GlobalSection(SolutionProperties) = preSolution
		HideSolutionNode = FALSE
	EndGlobalSection
	GlobalSection(NestedProjects) = preSolution
		{A682B27B-41FE-4DC3-8999-C133785B3E41} = {AC54C6B1-B679-4550-BCEC-6573AEF6D01A}
		{FA9A6F22-3EC8-4D16-9026-922F72E1AA6B} = {AC54C6B1-B679-4550-BCEC-6573AEF6D01A}
		{0995D9A1-D702-4A91-86A2-018899C50756} = {FA9A6F22-3EC8-4D16-9026-922F72E1AA6B}
		{C70DAE4B-1339-4A8F-91C5-AD9F4ED71FE6} = {A682B27B-41FE-4DC3-8999-C133785B3E41}
	EndGlobalSection
	GlobalSection(ExtensibilityGlobals) = postSolution
		SolutionGuid = {0F2E66B0-D7B2-47A4-85AC-7663D0F92FA6}
	EndGlobalSection
EndGlobal
