
Microsoft Visual Studio Solution File, Format Version 12.00
# Visual Studio Version 17
VisualStudioVersion = 17.8.34511.84
MinimumVisualStudioVersion = 10.0.40219.1
Project("{9A19103F-16F7-4668-BE54-9A1E7A4F7556}") = "ConsoleApp1", "ConsoleApp1\ConsoleApp1.csproj", "{72DBAD1B-038F-436C-B77D-84ED60A73E6F}"
EndProject
Project("{9A19103F-16F7-4668-BE54-9A1E7A4F7556}") = "LabsAndRef", "LabsAndRef\LabsAndRef.csproj", "{C8E840AC-FB46-4E30-9BFC-F6D9139BC94C}"
EndProject
Project("{9A19103F-16F7-4668-BE54-9A1E7A4F7556}") = "WpfCalculator", "WpfCalculator\WpfCalculator.csproj", "{71BCD021-B6AD-49B1-A281-CC63FA5F41C1}"
EndProject
Project("{FAE04EC0-301F-11D3-BF4B-00C04F79EFBC}") = "DelegatesDemo", "DelegatesDemo\DelegatesDemo.csproj", "{B03009A2-1243-44AB-AD54-D9655CF679D7}"
EndProject
Project("{FAE04EC0-301F-11D3-BF4B-00C04F79EFBC}") = "DelegatesDemo2", "DelegatesDemo2\DelegatesDemo2.csproj", "{29333DEA-736B-4EB0-A61F-CBA4D5BAF105}"
EndProject
Project("{FAE04EC0-301F-11D3-BF4B-00C04F79EFBC}") = "WpfLayoutsDemo", "WpfLayoutsDemo\WpfLayoutsDemo.csproj", "{4396A8D4-1A1C-43B5-9C78-3F449A8CA5FC}"
EndProject
Global
	GlobalSection(SolutionConfigurationPlatforms) = preSolution
		Debug|Any CPU = Debug|Any CPU
		Release|Any CPU = Release|Any CPU
	EndGlobalSection
	GlobalSection(ProjectConfigurationPlatforms) = postSolution
		{72DBAD1B-038F-436C-B77D-84ED60A73E6F}.Debug|Any CPU.ActiveCfg = Debug|Any CPU
		{72DBAD1B-038F-436C-B77D-84ED60A73E6F}.Debug|Any CPU.Build.0 = Debug|Any CPU
		{72DBAD1B-038F-436C-B77D-84ED60A73E6F}.Release|Any CPU.ActiveCfg = Release|Any CPU
		{72DBAD1B-038F-436C-B77D-84ED60A73E6F}.Release|Any CPU.Build.0 = Release|Any CPU
		{C8E840AC-FB46-4E30-9BFC-F6D9139BC94C}.Debug|Any CPU.ActiveCfg = Debug|Any CPU
		{C8E840AC-FB46-4E30-9BFC-F6D9139BC94C}.Debug|Any CPU.Build.0 = Debug|Any CPU
		{C8E840AC-FB46-4E30-9BFC-F6D9139BC94C}.Release|Any CPU.ActiveCfg = Release|Any CPU
		{C8E840AC-FB46-4E30-9BFC-F6D9139BC94C}.Release|Any CPU.Build.0 = Release|Any CPU
		{71BCD021-B6AD-49B1-A281-CC63FA5F41C1}.Debug|Any CPU.ActiveCfg = Debug|Any CPU
		{71BCD021-B6AD-49B1-A281-CC63FA5F41C1}.Debug|Any CPU.Build.0 = Debug|Any CPU
		{71BCD021-B6AD-49B1-A281-CC63FA5F41C1}.Release|Any CPU.ActiveCfg = Release|Any CPU
		{71BCD021-B6AD-49B1-A281-CC63FA5F41C1}.Release|Any CPU.Build.0 = Release|Any CPU
		{B03009A2-1243-44AB-AD54-D9655CF679D7}.Debug|Any CPU.ActiveCfg = Debug|Any CPU
		{B03009A2-1243-44AB-AD54-D9655CF679D7}.Debug|Any CPU.Build.0 = Debug|Any CPU
		{B03009A2-1243-44AB-AD54-D9655CF679D7}.Release|Any CPU.ActiveCfg = Release|Any CPU
		{B03009A2-1243-44AB-AD54-D9655CF679D7}.Release|Any CPU.Build.0 = Release|Any CPU
		{29333DEA-736B-4EB0-A61F-CBA4D5BAF105}.Debug|Any CPU.ActiveCfg = Debug|Any CPU
		{29333DEA-736B-4EB0-A61F-CBA4D5BAF105}.Debug|Any CPU.Build.0 = Debug|Any CPU
		{29333DEA-736B-4EB0-A61F-CBA4D5BAF105}.Release|Any CPU.ActiveCfg = Release|Any CPU
		{29333DEA-736B-4EB0-A61F-CBA4D5BAF105}.Release|Any CPU.Build.0 = Release|Any CPU
		{4396A8D4-1A1C-43B5-9C78-3F449A8CA5FC}.Debug|Any CPU.ActiveCfg = Debug|Any CPU
		{4396A8D4-1A1C-43B5-9C78-3F449A8CA5FC}.Debug|Any CPU.Build.0 = Debug|Any CPU
		{4396A8D4-1A1C-43B5-9C78-3F449A8CA5FC}.Release|Any CPU.ActiveCfg = Release|Any CPU
		{4396A8D4-1A1C-43B5-9C78-3F449A8CA5FC}.Release|Any CPU.Build.0 = Release|Any CPU
	EndGlobalSection
	GlobalSection(SolutionProperties) = preSolution
		HideSolutionNode = FALSE
	EndGlobalSection
	GlobalSection(ExtensibilityGlobals) = postSolution
		SolutionGuid = {0F2E66B0-D7B2-47A4-85AC-7663D0F92FA6}
	EndGlobalSection
EndGlobal
