
Microsoft Visual Studio Solution File, Format Version 12.00
# Visual Studio Version 17
VisualStudioVersion = 17.8.34511.84
MinimumVisualStudioVersion = 10.0.40219.1
Project("{FAE04EC0-301F-11D3-BF4B-00C04F79EFBC}") = "ConsoleApp1", "ConsoleApp1\ConsoleApp1.csproj", "{72DBAD1B-038F-436C-B77D-84ED60A73E6F}"
EndProject
Project("{FAE04EC0-301F-11D3-BF4B-00C04F79EFBC}") = "LabsAndRef", "LabsAndRef\LabsAndRef.csproj", "{C8E840AC-FB46-4E30-9BFC-F6D9139BC94C}"
EndProject
Project("{FAE04EC0-301F-11D3-BF4B-00C04F79EFBC}") = "WpfCalculator", "WpfCalculator\WpfCalculator.csproj", "{71BCD021-B6AD-49B1-A281-CC63FA5F41C1}"
EndProject
Global
	GlobalSection(SolutionConfigurationPlatforms) = preSolution
		Debug|Any CPU = Debug|Any CPU
		Release|Any CPU = Release|Any CPU
	EndGlobalSection
	GlobalSection(ProjectConfigurationPlatforms) = postSolution
		{72DBAD1B-038F-436C-B77D-84ED60A73E6F}.Debug|Any CPU.ActiveCfg = Debug|Any CPU
		{72DBAD1B-038F-436C-B77D-84ED60A73E6F}.Debug|Any CPU.Build.0 = Debug|Any CPU
		{72DBAD1B-038F-436C-B77D-84ED60A73E6F}.Release|Any CPU.ActiveCfg = Release|Any CPU
		{72DBAD1B-038F-436C-B77D-84ED60A73E6F}.Release|Any CPU.Build.0 = Release|Any CPU
		{C8E840AC-FB46-4E30-9BFC-F6D9139BC94C}.Debug|Any CPU.ActiveCfg = Debug|Any CPU
		{C8E840AC-FB46-4E30-9BFC-F6D9139BC94C}.Debug|Any CPU.Build.0 = Debug|Any CPU
		{C8E840AC-FB46-4E30-9BFC-F6D9139BC94C}.Release|Any CPU.ActiveCfg = Release|Any CPU
		{C8E840AC-FB46-4E30-9BFC-F6D9139BC94C}.Release|Any CPU.Build.0 = Release|Any CPU
		{71BCD021-B6AD-49B1-A281-CC63FA5F41C1}.Debug|Any CPU.ActiveCfg = Debug|Any CPU
		{71BCD021-B6AD-49B1-A281-CC63FA5F41C1}.Debug|Any CPU.Build.0 = Debug|Any CPU
		{71BCD021-B6AD-49B1-A281-CC63FA5F41C1}.Release|Any CPU.ActiveCfg = Release|Any CPU
		{71BCD021-B6AD-49B1-A281-CC63FA5F41C1}.Release|Any CPU.Build.0 = Release|Any CPU
	EndGlobalSection
	GlobalSection(SolutionProperties) = preSolution
		HideSolutionNode = FALSE
	EndGlobalSection
	GlobalSection(ExtensibilityGlobals) = postSolution
		SolutionGuid = {0F2E66B0-D7B2-47A4-85AC-7663D0F92FA6}
	EndGlobalSection
EndGlobal
